
Microsoft Visual Studio Solution File, Format Version 12.00
# Visual Studio Version 16
VisualStudioVersion = 16.0.30204.135
MinimumVisualStudioVersion = 10.0.40219.1
Project("{FAE04EC0-301F-11D3-BF4B-00C04F79EFBC}") = "PartyInvites", "PartyInvites\PartyInvites.csproj", "{C27DD2EF-31FD-4054-BF8E-F7C9CB57F6A6}"
EndProject
Global
	GlobalSection(SolutionConfigurationPlatforms) = preSolution
		Debug|Any CPU = Debug|Any CPU
		Release|Any CPU = Release|Any CPU
	EndGlobalSection
	GlobalSection(ProjectConfigurationPlatforms) = postSolution
		{C27DD2EF-31FD-4054-BF8E-F7C9CB57F6A6}.Debug|Any CPU.ActiveCfg = Debug|Any CPU
		{C27DD2EF-31FD-4054-BF8E-F7C9CB57F6A6}.Debug|Any CPU.Build.0 = Debug|Any CPU
		{C27DD2EF-31FD-4054-BF8E-F7C9CB57F6A6}.Release|Any CPU.ActiveCfg = Release|Any CPU
		{C27DD2EF-31FD-4054-BF8E-F7C9CB57F6A6}.Release|Any CPU.Build.0 = Release|Any CPU
	EndGlobalSection
	GlobalSection(SolutionProperties) = preSolution
		HideSolutionNode = FALSE
	EndGlobalSection
	GlobalSection(ExtensibilityGlobals) = postSolution
		SolutionGuid = {6115FD7A-179D-4000-AE19-19E2782BF21C}
	EndGlobalSection
EndGlobal
